
Microsoft Visual Studio Solution File, Format Version 12.00
# Visual Studio Version 16
VisualStudioVersion = 16.0.34301.259
MinimumVisualStudioVersion = 10.0.40219.1
Project("{FAE04EC0-301F-11D3-BF4B-00C04F79EFBC}") = "1049_Animais", "1049_Animais\1049_Animais.csproj", "{D729549A-9C11-4795-A194-AE94A2F19DD4}"
EndProject
Global
	GlobalSection(SolutionConfigurationPlatforms) = preSolution
		Debug|Any CPU = Debug|Any CPU
		Release|Any CPU = Release|Any CPU
	EndGlobalSection
	GlobalSection(ProjectConfigurationPlatforms) = postSolution
		{D729549A-9C11-4795-A194-AE94A2F19DD4}.Debug|Any CPU.ActiveCfg = Debug|Any CPU
		{D729549A-9C11-4795-A194-AE94A2F19DD4}.Debug|Any CPU.Build.0 = Debug|Any CPU
		{D729549A-9C11-4795-A194-AE94A2F19DD4}.Release|Any CPU.ActiveCfg = Release|Any CPU
		{D729549A-9C11-4795-A194-AE94A2F19DD4}.Release|Any CPU.Build.0 = Release|Any CPU
	EndGlobalSection
	GlobalSection(SolutionProperties) = preSolution
		HideSolutionNode = FALSE
	EndGlobalSection
	GlobalSection(ExtensibilityGlobals) = postSolution
		SolutionGuid = {D0189B83-4906-4175-BE47-B7ABF51AF9A5}
	EndGlobalSection
EndGlobal
